// !$*UTF8*$!
{
	archiveVersion = 1;
	classes = {
	};
	objectVersion = 46;
	objects = {

/* Begin PBXBuildFile section */
		839BB370AC37CF649030D951 /* Pods_CoreData_Demo.framework in Frameworks */ = {isa = PBXBuildFile; fileRef = EAF2C1DF9B1BAFB4E838792E /* Pods_CoreData_Demo.framework */; };
		8F0C149B1EB5E19B0053360D /* AppDelegate.swift in Sources */ = {isa = PBXBuildFile; fileRef = 8F0C149A1EB5E19B0053360D /* AppDelegate.swift */; };
		8F0C149D1EB5E19B0053360D /* ViewController.swift in Sources */ = {isa = PBXBuildFile; fileRef = 8F0C149C1EB5E19B0053360D /* ViewController.swift */; };
		8F0C14A01EB5E19B0053360D /* Main.storyboard in Resources */ = {isa = PBXBuildFile; fileRef = 8F0C149E1EB5E19B0053360D /* Main.storyboard */; };
		8F0C14A21EB5E19B0053360D /* Assets.xcassets in Resources */ = {isa = PBXBuildFile; fileRef = 8F0C14A11EB5E19B0053360D /* Assets.xcassets */; };
		8F0C14A51EB5E19B0053360D /* LaunchScreen.storyboard in Resources */ = {isa = PBXBuildFile; fileRef = 8F0C14A31EB5E19B0053360D /* LaunchScreen.storyboard */; };
		8F0C14AE1EB5E1B00053360D /* Data.xcdatamodeld in Sources */ = {isa = PBXBuildFile; fileRef = 8F0C14AC1EB5E1B00053360D /* Data.xcdatamodeld */; };
		8F0C14B01EB5E22F0053360D /* CoreDataStack.swift in Sources */ = {isa = PBXBuildFile; fileRef = 8F0C14AF1EB5E22F0053360D /* CoreDataStack.swift */; };
		8F0C14B21EB5E9680053360D /* NetworkCalls.swift in Sources */ = {isa = PBXBuildFile; fileRef = 8F0C14B11EB5E9680053360D /* NetworkCalls.swift */; };
		8F0C14B41EB5EC960053360D /* CONFIG.swift in Sources */ = {isa = PBXBuildFile; fileRef = 8F0C14B31EB5EC960053360D /* CONFIG.swift */; };
/* End PBXBuildFile section */

/* Begin PBXFileReference section */
		8F0C14971EB5E19B0053360D /* CoreData-Demo.app */ = {isa = PBXFileReference; explicitFileType = wrapper.application; includeInIndex = 0; path = "CoreData-Demo.app"; sourceTree = BUILT_PRODUCTS_DIR; };
		8F0C149A1EB5E19B0053360D /* AppDelegate.swift */ = {isa = PBXFileReference; lastKnownFileType = sourcecode.swift; path = AppDelegate.swift; sourceTree = "<group>"; };
		8F0C149C1EB5E19B0053360D /* ViewController.swift */ = {isa = PBXFileReference; lastKnownFileType = sourcecode.swift; path = ViewController.swift; sourceTree = "<group>"; };
		8F0C149F1EB5E19B0053360D /* Base */ = {isa = PBXFileReference; lastKnownFileType = file.storyboard; name = Base; path = Base.lproj/Main.storyboard; sourceTree = "<group>"; };
		8F0C14A11EB5E19B0053360D /* Assets.xcassets */ = {isa = PBXFileReference; lastKnownFileType = folder.assetcatalog; path = Assets.xcassets; sourceTree = "<group>"; };
		8F0C14A41EB5E19B0053360D /* Base */ = {isa = PBXFileReference; lastKnownFileType = file.storyboard; name = Base; path = Base.lproj/LaunchScreen.storyboard; sourceTree = "<group>"; };
		8F0C14A61EB5E19B0053360D /* Info.plist */ = {isa = PBXFileReference; lastKnownFileType = text.plist.xml; path = Info.plist; sourceTree = "<group>"; };
		8F0C14AD1EB5E1B00053360D /* Data.xcdatamodel */ = {isa = PBXFileReference; lastKnownFileType = wrapper.xcdatamodel; path = Data.xcdatamodel; sourceTree = "<group>"; };
		8F0C14AF1EB5E22F0053360D /* CoreDataStack.swift */ = {isa = PBXFileReference; fileEncoding = 4; lastKnownFileType = sourcecode.swift; path = CoreDataStack.swift; sourceTree = "<group>"; };
		8F0C14B11EB5E9680053360D /* NetworkCalls.swift */ = {isa = PBXFileReference; fileEncoding = 4; lastKnownFileType = sourcecode.swift; path = NetworkCalls.swift; sourceTree = "<group>"; };
		8F0C14B31EB5EC960053360D /* CONFIG.swift */ = {isa = PBXFileReference; fileEncoding = 4; lastKnownFileType = sourcecode.swift; path = CONFIG.swift; sourceTree = "<group>"; };
		E4039C6A84E5297B830E39AF /* Pods-CoreData-Demo.debug.xcconfig */ = {isa = PBXFileReference; includeInIndex = 1; lastKnownFileType = text.xcconfig; name = "Pods-CoreData-Demo.debug.xcconfig"; path = "Pods/Target Support Files/Pods-CoreData-Demo/Pods-CoreData-Demo.debug.xcconfig"; sourceTree = "<group>"; };
		EAF2C1DF9B1BAFB4E838792E /* Pods_CoreData_Demo.framework */ = {isa = PBXFileReference; explicitFileType = wrapper.framework; includeInIndex = 0; path = Pods_CoreData_Demo.framework; sourceTree = BUILT_PRODUCTS_DIR; };
		FAC689148998A100196AAB3E /* Pods-CoreData-Demo.release.xcconfig */ = {isa = PBXFileReference; includeInIndex = 1; lastKnownFileType = text.xcconfig; name = "Pods-CoreData-Demo.release.xcconfig"; path = "Pods/Target Support Files/Pods-CoreData-Demo/Pods-CoreData-Demo.release.xcconfig"; sourceTree = "<group>"; };
/* End PBXFileReference section */

/* Begin PBXFrameworksBuildPhase section */
		8F0C14941EB5E19B0053360D /* Frameworks */ = {
			isa = PBXFrameworksBuildPhase;
			buildActionMask = 2147483647;
			files = (
				839BB370AC37CF649030D951 /* Pods_CoreData_Demo.framework in Frameworks */,
			);
			runOnlyForDeploymentPostprocessing = 0;
		};
/* End PBXFrameworksBuildPhase section */

/* Begin PBXGroup section */
		748C92CD3FE05F6836806466 /* Pods */ = {
			isa = PBXGroup;
			children = (
				E4039C6A84E5297B830E39AF /* Pods-CoreData-Demo.debug.xcconfig */,
				FAC689148998A100196AAB3E /* Pods-CoreData-Demo.release.xcconfig */,
			);
			name = Pods;
			sourceTree = "<group>";
		};
		8F0C148E1EB5E19B0053360D = {
			isa = PBXGroup;
			children = (
				8F0C14991EB5E19B0053360D /* CoreData-Demo */,
				8F0C14981EB5E19B0053360D /* Products */,
				748C92CD3FE05F6836806466 /* Pods */,
				A009B2271397A2712011BAA9 /* Frameworks */,
			);
			sourceTree = "<group>";
		};
		8F0C14981EB5E19B0053360D /* Products */ = {
			isa = PBXGroup;
			children = (
				8F0C14971EB5E19B0053360D /* CoreData-Demo.app */,
			);
			name = Products;
			sourceTree = "<group>";
		};
		8F0C14991EB5E19B0053360D /* CoreData-Demo */ = {
			isa = PBXGroup;
			children = (
				8F0C149A1EB5E19B0053360D /* AppDelegate.swift */,
				8F0C149C1EB5E19B0053360D /* ViewController.swift */,
				8F0C14B31EB5EC960053360D /* CONFIG.swift */,
				8F0C14AF1EB5E22F0053360D /* CoreDataStack.swift */,
				8F0C14B11EB5E9680053360D /* NetworkCalls.swift */,
				8F0C14AC1EB5E1B00053360D /* Data.xcdatamodeld */,
				8F0C149E1EB5E19B0053360D /* Main.storyboard */,
				8F0C14A11EB5E19B0053360D /* Assets.xcassets */,
				8F0C14A31EB5E19B0053360D /* LaunchScreen.storyboard */,
				8F0C14A61EB5E19B0053360D /* Info.plist */,
			);
			path = "CoreData-Demo";
			sourceTree = "<group>";
		};
		A009B2271397A2712011BAA9 /* Frameworks */ = {
			isa = PBXGroup;
			children = (
				EAF2C1DF9B1BAFB4E838792E /* Pods_CoreData_Demo.framework */,
			);
			name = Frameworks;
			sourceTree = "<group>";
		};
/* End PBXGroup section */

/* Begin PBXNativeTarget section */
		8F0C14961EB5E19B0053360D /* CoreData-Demo */ = {
			isa = PBXNativeTarget;
			buildConfigurationList = 8F0C14A91EB5E19B0053360D /* Build configuration list for PBXNativeTarget "CoreData-Demo" */;
			buildPhases = (
				F8C429CF70EB82215B6152A3 /* [CP] Check Pods Manifest.lock */,
				8F0C14931EB5E19B0053360D /* Sources */,
				8F0C14941EB5E19B0053360D /* Frameworks */,
				8F0C14951EB5E19B0053360D /* Resources */,
				2D9801433E47D513451020A5 /* [CP] Embed Pods Frameworks */,
				4E010CD8FD83FCA239CC2F54 /* [CP] Copy Pods Resources */,
			);
			buildRules = (
			);
			dependencies = (
			);
			name = "CoreData-Demo";
			productName = "CoreData-Demo";
			productReference = 8F0C14971EB5E19B0053360D /* CoreData-Demo.app */;
			productType = "com.apple.product-type.application";
		};
/* End PBXNativeTarget section */

/* Begin PBXProject section */
		8F0C148F1EB5E19B0053360D /* Project object */ = {
			isa = PBXProject;
			attributes = {
				LastSwiftUpdateCheck = 0830;
				LastUpgradeCheck = 0830;
				ORGANIZATIONNAME = "Anirudha Mahale";
				TargetAttributes = {
					8F0C14961EB5E19B0053360D = {
						CreatedOnToolsVersion = 8.3.1;
						ProvisioningStyle = Automatic;
					};
				};
			};
			buildConfigurationList = 8F0C14921EB5E19B0053360D /* Build configuration list for PBXProject "CoreData-Demo" */;
			compatibilityVersion = "Xcode 3.2";
			developmentRegion = English;
			hasScannedForEncodings = 0;
			knownRegions = (
				en,
				Base,
			);
			mainGroup = 8F0C148E1EB5E19B0053360D;
			productRefGroup = 8F0C14981EB5E19B0053360D /* Products */;
			projectDirPath = "";
			projectRoot = "";
			targets = (
				8F0C14961EB5E19B0053360D /* CoreData-Demo */,
			);
		};
/* End PBXProject section */

/* Begin PBXResourcesBuildPhase section */
		8F0C14951EB5E19B0053360D /* Resources */ = {
			isa = PBXResourcesBuildPhase;
			buildActionMask = 2147483647;
			files = (
				8F0C14A51EB5E19B0053360D /* LaunchScreen.storyboard in Resources */,
				8F0C14A21EB5E19B0053360D /* Assets.xcassets in Resources */,
				8F0C14A01EB5E19B0053360D /* Main.storyboard in Resources */,
			);
			runOnlyForDeploymentPostprocessing = 0;
		};
/* End PBXResourcesBuildPhase section */

/* Begin PBXShellScriptBuildPhase section */
		2D9801433E47D513451020A5 /* [CP] Embed Pods Frameworks */ = {
			isa = PBXShellScriptBuildPhase;
			buildActionMask = 2147483647;
			files = (
			);
			inputPaths = (
			);
			name = "[CP] Embed Pods Frameworks";
			outputPaths = (
			);
			runOnlyForDeploymentPostprocessing = 0;
			shellPath = /bin/sh;
			shellScript = "\"${SRCROOT}/Pods/Target Support Files/Pods-CoreData-Demo/Pods-CoreData-Demo-frameworks.sh\"\n";
			showEnvVarsInLog = 0;
		};
		4E010CD8FD83FCA239CC2F54 /* [CP] Copy Pods Resources */ = {
			isa = PBXShellScriptBuildPhase;
			buildActionMask = 2147483647;
			files = (
			);
			inputPaths = (
			);
			name = "[CP] Copy Pods Resources";
			outputPaths = (
			);
			runOnlyForDeploymentPostprocessing = 0;
			shellPath = /bin/sh;
			shellScript = "\"${SRCROOT}/Pods/Target Support Files/Pods-CoreData-Demo/Pods-CoreData-Demo-resources.sh\"\n";
			showEnvVarsInLog = 0;
		};
		F8C429CF70EB82215B6152A3 /* [CP] Check Pods Manifest.lock */ = {
			isa = PBXShellScriptBuildPhase;
			buildActionMask = 2147483647;
			files = (
			);
			inputPaths = (
			);
			name = "[CP] Check Pods Manifest.lock";
			outputPaths = (
			);
			runOnlyForDeploymentPostprocessing = 0;
			shellPath = /bin/sh;
			shellScript = "diff \"${PODS_PODFILE_DIR_PATH}/Podfile.lock\" \"${PODS_ROOT}/Manifest.lock\" > /dev/null\nif [ $? != 0 ] ; then\n    # print error to STDERR\n    echo \"error: The sandbox is not in sync with the Podfile.lock. Run 'pod install' or update your CocoaPods installation.\" >&2\n    exit 1\nfi\n";
			showEnvVarsInLog = 0;
		};
/* End PBXShellScriptBuildPhase section */

/* Begin PBXSourcesBuildPhase section */
		8F0C14931EB5E19B0053360D /* Sources */ = {
			isa = PBXSourcesBuildPhase;
			buildActionMask = 2147483647;
			files = (
				8F0C149D1EB5E19B0053360D /* ViewController.swift in Sources */,
				8F0C14AE1EB5E1B00053360D /* Data.xcdatamodeld in Sources */,
				8F0C149B1EB5E19B0053360D /* AppDelegate.swift in Sources */,
				8F0C14B41EB5EC960053360D /* CONFIG.swift in Sources */,
				8F0C14B01EB5E22F0053360D /* CoreDataStack.swift in Sources */,
				8F0C14B21EB5E9680053360D /* NetworkCalls.swift in Sources */,
			);
			runOnlyForDeploymentPostprocessing = 0;
		};
/* End PBXSourcesBuildPhase section */

/* Begin PBXVariantGroup section */
		8F0C149E1EB5E19B0053360D /* Main.storyboard */ = {
			isa = PBXVariantGroup;
			children = (
				8F0C149F1EB5E19B0053360D /* Base */,
			);
			name = Main.storyboard;
			sourceTree = "<group>";
		};
		8F0C14A31EB5E19B0053360D /* LaunchScreen.storyboard */ = {
			isa = PBXVariantGroup;
			children = (
				8F0C14A41EB5E19B0053360D /* Base */,
			);
			name = LaunchScreen.storyboard;
			sourceTree = "<group>";
		};
/* End PBXVariantGroup section */

/* Begin XCBuildConfiguration section */
		8F0C14A71EB5E19B0053360D /* Debug */ = {
			isa = XCBuildConfiguration;
			buildSettings = {
				ALWAYS_SEARCH_USER_PATHS = NO;
				CLANG_ANALYZER_NONNULL = YES;
				CLANG_ANALYZER_NUMBER_OBJECT_CONVERSION = YES_AGGRESSIVE;
				CLANG_CXX_LANGUAGE_STANDARD = "gnu++0x";
				CLANG_CXX_LIBRARY = "libc++";
				CLANG_ENABLE_MODULES = YES;
				CLANG_ENABLE_OBJC_ARC = YES;
				CLANG_WARN_BOOL_CONVERSION = YES;
				CLANG_WARN_CONSTANT_CONVERSION = YES;
				CLANG_WARN_DIRECT_OBJC_ISA_USAGE = YES_ERROR;
				CLANG_WARN_DOCUMENTATION_COMMENTS = YES;
				CLANG_WARN_EMPTY_BODY = YES;
				CLANG_WARN_ENUM_CONVERSION = YES;
				CLANG_WARN_INFINITE_RECURSION = YES;
				CLANG_WARN_INT_CONVERSION = YES;
				CLANG_WARN_OBJC_ROOT_CLASS = YES_ERROR;
				CLANG_WARN_SUSPICIOUS_MOVE = YES;
				CLANG_WARN_UNREACHABLE_CODE = YES;
				CLANG_WARN__DUPLICATE_METHOD_MATCH = YES;
				"CODE_SIGN_IDENTITY[sdk=iphoneos*]" = "iPhone Developer";
				COPY_PHASE_STRIP = NO;
				DEBUG_INFORMATION_FORMAT = dwarf;
				ENABLE_STRICT_OBJC_MSGSEND = YES;
				ENABLE_TESTABILITY = YES;
				GCC_C_LANGUAGE_STANDARD = gnu99;
				GCC_DYNAMIC_NO_PIC = NO;
				GCC_NO_COMMON_BLOCKS = YES;
				GCC_OPTIMIZATION_LEVEL = 0;
				GCC_PREPROCESSOR_DEFINITIONS = (
					"DEBUG=1",
					"$(inherited)",
				);
				GCC_WARN_64_TO_32_BIT_CONVERSION = YES;
				GCC_WARN_ABOUT_RETURN_TYPE = YES_ERROR;
				GCC_WARN_UNDECLARED_SELECTOR = YES;
				GCC_WARN_UNINITIALIZED_AUTOS = YES_AGGRESSIVE;
				GCC_WARN_UNUSED_FUNCTION = YES;
				GCC_WARN_UNUSED_VARIABLE = YES;
				IPHONEOS_DEPLOYMENT_TARGET = 10.3;
				MTL_ENABLE_DEBUG_INFO = YES;
				ONLY_ACTIVE_ARCH = YES;
				SDKROOT = iphoneos;
				SWIFT_ACTIVE_COMPILATION_CONDITIONS = DEBUG;
				SWIFT_OPTIMIZATION_LEVEL = "-Onone";
				TARGETED_DEVICE_FAMILY = "1,2";
			};
			name = Debug;
		};
		8F0C14A81EB5E19B0053360D /* Release */ = {
			isa = XCBuildConfiguration;
			buildSettings = {
				ALWAYS_SEARCH_USER_PATHS = NO;
				CLANG_ANALYZER_NONNULL = YES;
				CLANG_ANALYZER_NUMBER_OBJECT_CONVERSION = YES_AGGRESSIVE;
				CLANG_CXX_LANGUAGE_STANDARD = "gnu++0x";
				CLANG_CXX_LIBRARY = "libc++";
				CLANG_ENABLE_MODULES = YES;
				CLANG_ENABLE_OBJC_ARC = YES;
				CLANG_WARN_BOOL_CONVERSION = YES;
				CLANG_WARN_CONSTANT_CONVERSION = YES;
				CLANG_WARN_DIRECT_OBJC_ISA_USAGE = YES_ERROR;
				CLANG_WARN_DOCUMENTATION_COMMENTS = YES;
				CLANG_WARN_EMPTY_BODY = YES;
				CLANG_WARN_ENUM_CONVERSION = YES;
				CLANG_WARN_INFINITE_RECURSION = YES;
				CLANG_WARN_INT_CONVERSION = YES;
				CLANG_WARN_OBJC_ROOT_CLASS = YES_ERROR;
				CLANG_WARN_SUSPICIOUS_MOVE = YES;
				CLANG_WARN_UNREACHABLE_CODE = YES;
				CLANG_WARN__DUPLICATE_METHOD_MATCH = YES;
				"CODE_SIGN_IDENTITY[sdk=iphoneos*]" = "iPhone Developer";
				COPY_PHASE_STRIP = NO;
				DEBUG_INFORMATION_FORMAT = "dwarf-with-dsym";
				ENABLE_NS_ASSERTIONS = NO;
				ENABLE_STRICT_OBJC_MSGSEND = YES;
				GCC_C_LANGUAGE_STANDARD = gnu99;
				GCC_NO_COMMON_BLOCKS = YES;
				GCC_WARN_64_TO_32_BIT_CONVERSION = YES;
				GCC_WARN_ABOUT_RETURN_TYPE = YES_ERROR;
				GCC_WARN_UNDECLARED_SELECTOR = YES;
				GCC_WARN_UNINITIALIZED_AUTOS = YES_AGGRESSIVE;
				GCC_WARN_UNUSED_FUNCTION = YES;
				GCC_WARN_UNUSED_VARIABLE = YES;
				IPHONEOS_DEPLOYMENT_TARGET = 10.3;
				MTL_ENABLE_DEBUG_INFO = NO;
				SDKROOT = iphoneos;
				SWIFT_OPTIMIZATION_LEVEL = "-Owholemodule";
				TARGETED_DEVICE_FAMILY = "1,2";
				VALIDATE_PRODUCT = YES;
			};
			name = Release;
		};
		8F0C14AA1EB5E19B0053360D /* Debug */ = {
			isa = XCBuildConfiguration;
			baseConfigurationReference = E4039C6A84E5297B830E39AF /* Pods-CoreData-Demo.debug.xcconfig */;
			buildSettings = {
				ASSETCATALOG_COMPILER_APPICON_NAME = AppIcon;
				INFOPLIST_FILE = "CoreData-Demo/Info.plist";
				IPHONEOS_DEPLOYMENT_TARGET = 9.0;
				LD_RUNPATH_SEARCH_PATHS = "$(inherited) @executable_path/Frameworks";
				PRODUCT_BUNDLE_IDENTIFIER = "com.anirudhamahale.CoreData-Demo";
				PRODUCT_NAME = "$(TARGET_NAME)";
				SWIFT_VERSION = 3.0;
			};
			name = Debug;
		};
		8F0C14AB1EB5E19B0053360D /* Release */ = {
			isa = XCBuildConfiguration;
			baseConfigurationReference = FAC689148998A100196AAB3E /* Pods-CoreData-Demo.release.xcconfig */;
			buildSettings = {
				ASSETCATALOG_COMPILER_APPICON_NAME = AppIcon;
				INFOPLIST_FILE = "CoreData-Demo/Info.plist";
				IPHONEOS_DEPLOYMENT_TARGET = 9.0;
				LD_RUNPATH_SEARCH_PATHS = "$(inherited) @executable_path/Frameworks";
				PRODUCT_BUNDLE_IDENTIFIER = "com.anirudhamahale.CoreData-Demo";
				PRODUCT_NAME = "$(TARGET_NAME)";
				SWIFT_VERSION = 3.0;
			};
			name = Release;
		};
/* End XCBuildConfiguration section */

/* Begin XCConfigurationList section */
		8F0C14921EB5E19B0053360D /* Build configuration list for PBXProject "CoreData-Demo" */ = {
			isa = XCConfigurationList;
			buildConfigurations = (
				8F0C14A71EB5E19B0053360D /* Debug */,
				8F0C14A81EB5E19B0053360D /* Release */,
			);
			defaultConfigurationIsVisible = 0;
			defaultConfigurationName = Release;
		};
		8F0C14A91EB5E19B0053360D /* Build configuration list for PBXNativeTarget "CoreData-Demo" */ = {
			isa = XCConfigurationList;
			buildConfigurations = (
				8F0C14AA1EB5E19B0053360D /* Debug */,
				8F0C14AB1EB5E19B0053360D /* Release */,
			);
			defaultConfigurationIsVisible = 0;
			defaultConfigurationName = Release;
		};
/* End XCConfigurationList section */

/* Begin XCVersionGroup section */
		8F0C14AC1EB5E1B00053360D /* Data.xcdatamodeld */ = {
			isa = XCVersionGroup;
			children = (
				8F0C14AD1EB5E1B00053360D /* Data.xcdatamodel */,
			);
			currentVersion = 8F0C14AD1EB5E1B00053360D /* Data.xcdatamodel */;
			path = Data.xcdatamodeld;
			sourceTree = "<group>";
			versionGroupType = wrapper.xcdatamodel;
		};
/* End XCVersionGroup section */
	};
	rootObject = 8F0C148F1EB5E19B0053360D /* Project object */;
}
